
Microsoft Visual Studio Solution File, Format Version 11.00
# Visual Studio 2010
Project("{FAE04EC0-301F-11D3-BF4B-00C04F79EFBC}") = "GravityGame", "Assembly-CSharp.csproj", "{AAF68964-99DB-4296-177D-B16FABB4D375}"
EndProject
Project("{FAE04EC0-301F-11D3-BF4B-00C04F79EFBC}") = "GravityGame", "Assembly-CSharp-Editor.csproj", "{890E35FA-6AA0-C3E9-B429-4A900D5354A5}"
EndProject
Global
	GlobalSection(SolutionConfigurationPlatforms) = preSolution
		Debug|Any CPU = Debug|Any CPU
		Release|Any CPU = Release|Any CPU
	EndGlobalSection
	GlobalSection(ProjectConfigurationPlatforms) = postSolution
		{AAF68964-99DB-4296-177D-B16FABB4D375}.Debug|Any CPU.ActiveCfg = Debug|Any CPU
		{AAF68964-99DB-4296-177D-B16FABB4D375}.Debug|Any CPU.Build.0 = Debug|Any CPU
		{AAF68964-99DB-4296-177D-B16FABB4D375}.Release|Any CPU.ActiveCfg = Release|Any CPU
		{AAF68964-99DB-4296-177D-B16FABB4D375}.Release|Any CPU.Build.0 = Release|Any CPU
		{890E35FA-6AA0-C3E9-B429-4A900D5354A5}.Debug|Any CPU.ActiveCfg = Debug|Any CPU
		{890E35FA-6AA0-C3E9-B429-4A900D5354A5}.Debug|Any CPU.Build.0 = Debug|Any CPU
		{890E35FA-6AA0-C3E9-B429-4A900D5354A5}.Release|Any CPU.ActiveCfg = Release|Any CPU
		{890E35FA-6AA0-C3E9-B429-4A900D5354A5}.Release|Any CPU.Build.0 = Release|Any CPU
	EndGlobalSection
	GlobalSection(SolutionProperties) = preSolution
		HideSolutionNode = FALSE
	EndGlobalSection
	GlobalSection(MonoDevelopProperties) = preSolution
		StartupItem = Assembly-CSharp.csproj
	EndGlobalSection
EndGlobal
